
Microsoft Visual Studio Solution File, Format Version 12.00
# Visual Studio 15
VisualStudioVersion = 15.0.28010.2026
MinimumVisualStudioVersion = 10.0.40219.1
Project("{FAE04EC0-301F-11D3-BF4B-00C04F79EFBC}") = "GiaSu", "GiaSu\GiaSu.csproj", "{79040AC7-381B-4719-B53B-53652E716F52}"
EndProject
Global
	GlobalSection(SolutionConfigurationPlatforms) = preSolution
		Debug|Any CPU = Debug|Any CPU
		Release|Any CPU = Release|Any CPU
	EndGlobalSection
	GlobalSection(ProjectConfigurationPlatforms) = postSolution
		{79040AC7-381B-4719-B53B-53652E716F52}.Debug|Any CPU.ActiveCfg = Debug|Any CPU
		{79040AC7-381B-4719-B53B-53652E716F52}.Debug|Any CPU.Build.0 = Debug|Any CPU
		{79040AC7-381B-4719-B53B-53652E716F52}.Release|Any CPU.ActiveCfg = Release|Any CPU
		{79040AC7-381B-4719-B53B-53652E716F52}.Release|Any CPU.Build.0 = Release|Any CPU
	EndGlobalSection
	GlobalSection(SolutionProperties) = preSolution
		HideSolutionNode = FALSE
	EndGlobalSection
	GlobalSection(ExtensibilityGlobals) = postSolution
		SolutionGuid = {98DBD5F6-4970-4903-B99A-C5425577D347}
	EndGlobalSection
EndGlobal
